{
  "object": {
    "pins": [
      {
        "package": "CMySQL",
        "repositoryURL": "https://github.com/vapor/cmysql.git",
        "state": {
          "branch": null,
          "revision": "d931ed6ce52e772cd364fc0da59312440d6eee43",
          "version": "2.0.2"
        }
      },
      {
        "package": "SSCommonCrypto",
        "repositoryURL": "https://github.com/daltoniam/common-crypto-spm",
        "state": {
          "branch": null,
          "revision": "2eb3aff0fb57f92f5722fac5d6d20bf64669ca66",
          "version": "1.1.0"
        }
      },
      {
        "package": "MySQL",
        "repositoryURL": "https://github.com/novi/mysql-swift.git",
        "state": {
          "branch": null,
          "revision": "dd32dcd0f8def62f50cb8f74846fcc788b846a83",
          "version": "0.9.0-beta.2"
        }
      },
      {
        "package": "RxSwift",
        "repositoryURL": "https://github.com/ReactiveX/RxSwift.git",
        "state": {
          "branch": null,
          "revision": "3e848781c7756accced855a6317a4c2ff5e8588b",
          "version": "4.1.2"
        }
      },
      {
        "package": "SKClient",
        "repositoryURL": "https://github.com/NoRespect/SKClient",
        "state": {
          "branch": "master",
          "revision": "af6ed83135861a9b5c47a78291fa336ec06b9d8e",
          "version": null
        }
      },
      {
        "package": "SKCore",
        "repositoryURL": "https://github.com/NoRespect/SKCore",
        "state": {
          "branch": "master",
          "revision": "e509c28b38c762595f9e2f5a96ee4598271ffb0d",
          "version": null
        }
      },
      {
        "package": "SKRTMAPI",
        "repositoryURL": "https://github.com/NoRespect/SKRTMAPI",
        "state": {
          "branch": "master",
          "revision": "5be9abdada248579e6f38e4e4ed9242574ad54d7",
          "version": null
        }
      },
      {
        "package": "SKServer",
        "repositoryURL": "https://github.com/NoRespect/SKServer.git",
        "state": {
          "branch": "master",
          "revision": "23d2f139d490bf277d06f443d27d82439cd87ae3",
          "version": null
        }
      },
      {
        "package": "SKWebAPI",
        "repositoryURL": "https://github.com/NoRespect/SKWebAPI",
        "state": {
          "branch": "master",
          "revision": "41c8e42839a01b4caa1be4ad9a8cc02b9e48d1ea",
          "version": null
        }
      },
      {
        "package": "SlackKit",
        "repositoryURL": "https://github.com/NoRespect/SlackKit.git",
        "state": {
          "branch": "master",
          "revision": "3b65758eda1ca0b968cee91177feb8762553fdee",
          "version": null
        }
      },
      {
        "package": "Starscream",
        "repositoryURL": "https://github.com/daltoniam/Starscream",
        "state": {
          "branch": null,
          "revision": "6e10c04c8387d00f41a17450fa45b51427971022",
          "version": "3.0.4"
        }
      },
      {
        "package": "Swifter",
        "repositoryURL": "https://github.com/httpswift/swifter.git",
        "state": {
          "branch": null,
          "revision": "c6d8ea04c7b5f00e7f688cff52100ecc8139f18a",
          "version": "1.4.0"
        }
      },
      {
        "package": "SwiftyBeaver",
        "repositoryURL": "https://github.com/SwiftyBeaver/SwiftyBeaver.git",
        "state": {
          "branch": null,
          "revision": "f24921e83cc356fce6ee12cb6120ab57896de3d6",
          "version": "1.5.1"
        }
      },
      {
        "package": "SSCZLib",
        "repositoryURL": "https://github.com/daltoniam/zlib-spm.git",
        "state": {
          "branch": null,
          "revision": "83ac8d719a2f3aa775dbdf116a57f56fb2c49abb",
          "version": "1.1.0"
        }
      }
    ]
  },
  "version": 1
}
