{
  "object": {
    "pins": [
      {
        "package": "CMySQL",
        "repositoryURL": "https://github.com/vapor/cmysql.git",
        "state": {
          "branch": null,
          "revision": "d931ed6ce52e772cd364fc0da59312440d6eee43",
          "version": "2.0.2"
        }
      },
      {
        "package": "SSCommonCrypto",
        "repositoryURL": "https://github.com/daltoniam/common-crypto-spm",
        "state": {
          "branch": null,
          "revision": "2eb3aff0fb57f92f5722fac5d6d20bf64669ca66",
          "version": "1.1.0"
        }
      },
      {
        "package": "MySQL",
        "repositoryURL": "https://github.com/novi/mysql-swift.git",
        "state": {
          "branch": null,
          "revision": "dd32dcd0f8def62f50cb8f74846fcc788b846a83",
          "version": "0.9.0-beta.2"
        }
      },
      {
        "package": "RxSwift",
        "repositoryURL": "https://github.com/ReactiveX/RxSwift.git",
        "state": {
          "branch": null,
          "revision": "3e848781c7756accced855a6317a4c2ff5e8588b",
          "version": "4.1.2"
        }
      },
      {
        "package": "SKClient",
        "repositoryURL": "https://github.com/SlackKit/SKClient",
        "state": {
          "branch": null,
          "revision": "008e10a402f17519750a5b94c4cf6b16310abf18",
          "version": "4.1.0"
        }
      },
      {
        "package": "SKCore",
        "repositoryURL": "https://github.com/SlackKit/SKCore",
        "state": {
          "branch": null,
          "revision": "cb313cdebacf9c882460b3b25349f9bc55015c8c",
          "version": "4.1.0"
        }
      },
      {
        "package": "SKRTMAPI",
        "repositoryURL": "https://github.com/NoRespect/SKRTMAPI",
        "state": {
          "branch": "master",
          "revision": "1bc8788c2f3fe459ae58850035996f6d90302c9d",
          "version": null
        }
      },
      {
        "package": "SKServer",
        "repositoryURL": "https://github.com/NoRespect/SKServer.git",
        "state": {
          "branch": "master",
          "revision": "096c758e845813a47da1dab7e2702c3d9482cbbd",
          "version": null
        }
      },
      {
        "package": "SKWebAPI",
        "repositoryURL": "https://github.com/SlackKit/SKWebAPI",
        "state": {
          "branch": null,
          "revision": "6344d399d7cfcd1051e2ad29fb6c7262499d8366",
          "version": "4.1.1"
        }
      },
      {
        "package": "SlackKit",
        "repositoryURL": "https://github.com/NoRespect/SlackKit.git",
        "state": {
          "branch": "master",
          "revision": "5c901e093a6406c000dbc21b5bd354f52fe526c7",
          "version": null
        }
      },
      {
        "package": "Starscream",
        "repositoryURL": "https://github.com/daltoniam/Starscream",
        "state": {
          "branch": null,
          "revision": "6e10c04c8387d00f41a17450fa45b51427971022",
          "version": "3.0.4"
        }
      },
      {
        "package": "Swifter",
        "repositoryURL": "https://github.com/httpswift/swifter.git",
        "state": {
          "branch": null,
          "revision": "c6d8ea04c7b5f00e7f688cff52100ecc8139f18a",
          "version": "1.4.0"
        }
      },
      {
        "package": "SwiftyBeaver",
        "repositoryURL": "https://github.com/SwiftyBeaver/SwiftyBeaver.git",
        "state": {
          "branch": null,
          "revision": "f24921e83cc356fce6ee12cb6120ab57896de3d6",
          "version": "1.5.1"
        }
      },
      {
        "package": "SSCZLib",
        "repositoryURL": "https://github.com/daltoniam/zlib-spm.git",
        "state": {
          "branch": null,
          "revision": "83ac8d719a2f3aa775dbdf116a57f56fb2c49abb",
          "version": "1.1.0"
        }
      }
    ]
  },
  "version": 1
}
